
Microsoft Visual Studio Solution File, Format Version 12.00
# Visual Studio Version 17
VisualStudioVersion = 17.6.33712.159
MinimumVisualStudioVersion = 10.0.40219.1
Project("{9A19103F-16F7-4668-BE54-9A1E7A4F7556}") = "WebApiProject", "WebApiProject\WebApiProject.csproj", "{DC7E64BE-C0F7-4623-8227-2079F65E8A11}"
EndProject
Project("{FAE04EC0-301F-11D3-BF4B-00C04F79EFBC}") = "WebApiProject.DAL", "WebApiProject.DAL\WebApiProject.DAL.csproj", "{7A830BB6-2E23-4C8A-A933-EB8815E371AE}"
EndProject
Project("{FAE04EC0-301F-11D3-BF4B-00C04F79EFBC}") = "WebApiProject.Models", "WebApiProject.Models\WebApiProject.Models.csproj", "{AEE2ED7F-EE16-46BE-A40E-8F6B9DF0BC34}"
EndProject
Project("{FAE04EC0-301F-11D3-BF4B-00C04F79EFBC}") = "WebApiProject.Utility", "WebApiProject.Utility\WebApiProject.Utility.csproj", "{DBCD9FDC-296C-4609-B037-F6233EF93BB6}"
EndProject
Global
	GlobalSection(SolutionConfigurationPlatforms) = preSolution
		Debug|Any CPU = Debug|Any CPU
		Release|Any CPU = Release|Any CPU
	EndGlobalSection
	GlobalSection(ProjectConfigurationPlatforms) = postSolution
		{DC7E64BE-C0F7-4623-8227-2079F65E8A11}.Debug|Any CPU.ActiveCfg = Debug|Any CPU
		{DC7E64BE-C0F7-4623-8227-2079F65E8A11}.Debug|Any CPU.Build.0 = Debug|Any CPU
		{DC7E64BE-C0F7-4623-8227-2079F65E8A11}.Release|Any CPU.ActiveCfg = Release|Any CPU
		{DC7E64BE-C0F7-4623-8227-2079F65E8A11}.Release|Any CPU.Build.0 = Release|Any CPU
		{7A830BB6-2E23-4C8A-A933-EB8815E371AE}.Debug|Any CPU.ActiveCfg = Debug|Any CPU
		{7A830BB6-2E23-4C8A-A933-EB8815E371AE}.Debug|Any CPU.Build.0 = Debug|Any CPU
		{7A830BB6-2E23-4C8A-A933-EB8815E371AE}.Release|Any CPU.ActiveCfg = Release|Any CPU
		{7A830BB6-2E23-4C8A-A933-EB8815E371AE}.Release|Any CPU.Build.0 = Release|Any CPU
		{AEE2ED7F-EE16-46BE-A40E-8F6B9DF0BC34}.Debug|Any CPU.ActiveCfg = Debug|Any CPU
		{AEE2ED7F-EE16-46BE-A40E-8F6B9DF0BC34}.Debug|Any CPU.Build.0 = Debug|Any CPU
		{AEE2ED7F-EE16-46BE-A40E-8F6B9DF0BC34}.Release|Any CPU.ActiveCfg = Release|Any CPU
		{AEE2ED7F-EE16-46BE-A40E-8F6B9DF0BC34}.Release|Any CPU.Build.0 = Release|Any CPU
		{DBCD9FDC-296C-4609-B037-F6233EF93BB6}.Debug|Any CPU.ActiveCfg = Debug|Any CPU
		{DBCD9FDC-296C-4609-B037-F6233EF93BB6}.Debug|Any CPU.Build.0 = Debug|Any CPU
		{DBCD9FDC-296C-4609-B037-F6233EF93BB6}.Release|Any CPU.ActiveCfg = Release|Any CPU
		{DBCD9FDC-296C-4609-B037-F6233EF93BB6}.Release|Any CPU.Build.0 = Release|Any CPU
	EndGlobalSection
	GlobalSection(SolutionProperties) = preSolution
		HideSolutionNode = FALSE
	EndGlobalSection
	GlobalSection(ExtensibilityGlobals) = postSolution
		SolutionGuid = {8D56A414-A4B9-479B-AEB5-BD7CFC725457}
	EndGlobalSection
EndGlobal
